
Microsoft Visual Studio Solution File, Format Version 12.00
# Visual Studio Version 16
VisualStudioVersion = 16.0.31424.327
MinimumVisualStudioVersion = 10.0.40219.1
Project("{9A19103F-16F7-4668-BE54-9A1E7A4F7556}") = "ConsoleApp1", "ConsoleApp1\ConsoleApp1.csproj", "{7669E3EB-73EC-4BCA-B42D-4E40F0255A01}"
EndProject
Project("{FAE04EC0-301F-11D3-BF4B-00C04F79EFBC}") = "ConsoleApp2", "..\ConsoleApp2\ConsoleApp2.csproj", "{BCE48D77-5D87-49CF-86C3-8EAB4DEFEB3E}"
EndProject
Global
	GlobalSection(SolutionConfigurationPlatforms) = preSolution
		Debug|Any CPU = Debug|Any CPU
		Release|Any CPU = Release|Any CPU
	EndGlobalSection
	GlobalSection(ProjectConfigurationPlatforms) = postSolution
		{7669E3EB-73EC-4BCA-B42D-4E40F0255A01}.Debug|Any CPU.ActiveCfg = Debug|Any CPU
		{7669E3EB-73EC-4BCA-B42D-4E40F0255A01}.Debug|Any CPU.Build.0 = Debug|Any CPU
		{7669E3EB-73EC-4BCA-B42D-4E40F0255A01}.Release|Any CPU.ActiveCfg = Release|Any CPU
		{7669E3EB-73EC-4BCA-B42D-4E40F0255A01}.Release|Any CPU.Build.0 = Release|Any CPU
		{BCE48D77-5D87-49CF-86C3-8EAB4DEFEB3E}.Debug|Any CPU.ActiveCfg = Debug|Any CPU
		{BCE48D77-5D87-49CF-86C3-8EAB4DEFEB3E}.Debug|Any CPU.Build.0 = Debug|Any CPU
		{BCE48D77-5D87-49CF-86C3-8EAB4DEFEB3E}.Release|Any CPU.ActiveCfg = Release|Any CPU
		{BCE48D77-5D87-49CF-86C3-8EAB4DEFEB3E}.Release|Any CPU.Build.0 = Release|Any CPU
	EndGlobalSection
	GlobalSection(SolutionProperties) = preSolution
		HideSolutionNode = FALSE
	EndGlobalSection
	GlobalSection(ExtensibilityGlobals) = postSolution
		SolutionGuid = {95EDC0FC-30D8-49FF-A36E-1BEF20E68B3D}
	EndGlobalSection
EndGlobal
